
Microsoft Visual Studio Solution File, Format Version 12.00
# Visual Studio Version 16
VisualStudioVersion = 16.0.29424.173
MinimumVisualStudioVersion = 10.0.40219.1
Project("{FAE04EC0-301F-11D3-BF4B-00C04F79EFBC}") = "InfraSpy", "InfraSpy\InfraSpy.csproj", "{68D23E0F-6938-4694-9557-53DF3A06C824}"
EndProject
Project("{FAE04EC0-301F-11D3-BF4B-00C04F79EFBC}") = "InfraSpy.Core", "InfraSpy.Core\InfraSpy.Core.csproj", "{C5020CDE-ECF7-43CB-AA71-CC1DD069AB6B}"
EndProject
Global
	GlobalSection(SolutionConfigurationPlatforms) = preSolution
		Debug|Any CPU = Debug|Any CPU
		Release|Any CPU = Release|Any CPU
	EndGlobalSection
	GlobalSection(ProjectConfigurationPlatforms) = postSolution
		{68D23E0F-6938-4694-9557-53DF3A06C824}.Debug|Any CPU.ActiveCfg = Debug|Any CPU
		{68D23E0F-6938-4694-9557-53DF3A06C824}.Debug|Any CPU.Build.0 = Debug|Any CPU
		{68D23E0F-6938-4694-9557-53DF3A06C824}.Release|Any CPU.ActiveCfg = Release|Any CPU
		{68D23E0F-6938-4694-9557-53DF3A06C824}.Release|Any CPU.Build.0 = Release|Any CPU
		{C5020CDE-ECF7-43CB-AA71-CC1DD069AB6B}.Debug|Any CPU.ActiveCfg = Debug|Any CPU
		{C5020CDE-ECF7-43CB-AA71-CC1DD069AB6B}.Debug|Any CPU.Build.0 = Debug|Any CPU
		{C5020CDE-ECF7-43CB-AA71-CC1DD069AB6B}.Release|Any CPU.ActiveCfg = Release|Any CPU
		{C5020CDE-ECF7-43CB-AA71-CC1DD069AB6B}.Release|Any CPU.Build.0 = Release|Any CPU
	EndGlobalSection
	GlobalSection(SolutionProperties) = preSolution
		HideSolutionNode = FALSE
	EndGlobalSection
	GlobalSection(ExtensibilityGlobals) = postSolution
		SolutionGuid = {F1D16519-181D-4E81-9C9F-D4709A569C31}
	EndGlobalSection
EndGlobal
